
Microsoft Visual Studio Solution File, Format Version 12.00
# Visual Studio Version 16
VisualStudioVersion = 16.0.31424.327
MinimumVisualStudioVersion = 10.0.40219.1
Project("{9A19103F-16F7-4668-BE54-9A1E7A4F7556}") = "EmployeePayrollADO.NET", "EmployeePayrollADO.NET\EmployeePayrollADO.NET.csproj", "{797DB63D-85DD-49BD-A16C-B9FB1DC8FDE2}"
EndProject
Project("{FAE04EC0-301F-11D3-BF4B-00C04F79EFBC}") = "EmployeeServiceTest", "EmployeeServiceTest\EmployeeServiceTest.csproj", "{BE179793-DC44-417D-9ED1-0F83ED72824E}"
EndProject
Global
	GlobalSection(SolutionConfigurationPlatforms) = preSolution
		Debug|Any CPU = Debug|Any CPU
		Release|Any CPU = Release|Any CPU
	EndGlobalSection
	GlobalSection(ProjectConfigurationPlatforms) = postSolution
		{797DB63D-85DD-49BD-A16C-B9FB1DC8FDE2}.Debug|Any CPU.ActiveCfg = Debug|Any CPU
		{797DB63D-85DD-49BD-A16C-B9FB1DC8FDE2}.Debug|Any CPU.Build.0 = Debug|Any CPU
		{797DB63D-85DD-49BD-A16C-B9FB1DC8FDE2}.Release|Any CPU.ActiveCfg = Release|Any CPU
		{797DB63D-85DD-49BD-A16C-B9FB1DC8FDE2}.Release|Any CPU.Build.0 = Release|Any CPU
		{BE179793-DC44-417D-9ED1-0F83ED72824E}.Debug|Any CPU.ActiveCfg = Debug|Any CPU
		{BE179793-DC44-417D-9ED1-0F83ED72824E}.Debug|Any CPU.Build.0 = Debug|Any CPU
		{BE179793-DC44-417D-9ED1-0F83ED72824E}.Release|Any CPU.ActiveCfg = Release|Any CPU
		{BE179793-DC44-417D-9ED1-0F83ED72824E}.Release|Any CPU.Build.0 = Release|Any CPU
	EndGlobalSection
	GlobalSection(SolutionProperties) = preSolution
		HideSolutionNode = FALSE
	EndGlobalSection
	GlobalSection(ExtensibilityGlobals) = postSolution
		SolutionGuid = {F1FAA746-A4A6-4FFA-8F66-59DE1B416D88}
	EndGlobalSection
EndGlobal
